{
  "version": 4,
  "terraform_version": "1.9.5",
  "serial": 131,
  "lineage": "3a427760-86f2-ef94-e722-d868a909a6b9",
  "outputs": {
    "alb_dns_name": {
      "value": "ats-client-alb-1918337271.us-west-2.elb.amazonaws.com",
      "type": "string"
    }
  },
  "resources": [
    {
      "mode": "data",
      "type": "aws_route53_zone",
      "name": "primary",
      "provider": "provider[\"registry.terraform.io/hashicorp/aws\"]",
      "instances": [
        {
          "schema_version": 0,
          "attributes": {
            "arn": "arn:aws:route53:::hostedzone/Z06509101Z22NMKSMXDLL",
            "caller_reference": "RISWorkflow-RD:17d1225e-de62-4afd-844c-dc036b51d2c7",
            "comment": "HostedZone created by Route53 Registrar",
            "id": "Z06509101Z22NMKSMXDLL",
            "linked_service_description": null,
            "linked_service_principal": null,
            "name": "servicios-cires.net",
            "name_servers": [
              "ns-656.awsdns-18.net",
              "ns-1734.awsdns-24.co.uk",
              "ns-1420.awsdns-49.org",
              "ns-213.awsdns-26.com"
            ],
            "primary_name_server": "ns-656.awsdns-18.net",
            "private_zone": false,
            "resource_record_set_count": 9,
            "tags": {},
            "vpc_id": null,
            "zone_id": "Z06509101Z22NMKSMXDLL"
          },
          "sensitive_attributes": []
        }
      ]
    },
    {
      "mode": "data",
      "type": "aws_route_tables",
      "name": "ats_private_rts",
      "provider": "provider[\"registry.terraform.io/hashicorp/aws\"]",
      "instances": [
        {
          "schema_version": 0,
          "attributes": {
            "filter": [
              {
                "name": "tag:Name",
                "values": [
                  "private-route-table"
                ]
              }
            ],
            "id": "us-west-2",
            "ids": [
              "rtb-085cffacc9b5f74d0"
            ],
            "tags": null,
            "timeouts": null,
            "vpc_id": "vpc-0ba2582a614948335"
          },
          "sensitive_attributes": []
        }
      ]
    },
    {
      "mode": "data",
      "type": "aws_subnets",
      "name": "ats_private_subnets",
      "provider": "provider[\"registry.terraform.io/hashicorp/aws\"]",
      "instances": [
        {
          "schema_version": 0,
          "attributes": {
            "filter": [
              {
                "name": "tag:Name",
                "values": [
                  "ats-private-subnet-*"
                ]
              },
              {
                "name": "vpc-id",
                "values": [
                  "vpc-0ba2582a614948335"
                ]
              }
            ],
            "id": "us-west-2",
            "ids": [
              "subnet-018ac018178982be4",
              "subnet-02efb9ae526416ec0",
              "subnet-0f734e8126a8e8d35"
            ],
            "tags": null,
            "timeouts": null
          },
          "sensitive_attributes": []
        }
      ]
    },
    {
      "mode": "data",
      "type": "aws_subnets",
      "name": "ats_public_subnets",
      "provider": "provider[\"registry.terraform.io/hashicorp/aws\"]",
      "instances": [
        {
          "schema_version": 0,
          "attributes": {
            "filter": [
              {
                "name": "tag:Name",
                "values": [
                  "ats-public-subnet-*"
                ]
              },
              {
                "name": "vpc-id",
                "values": [
                  "vpc-0ba2582a614948335"
                ]
              }
            ],
            "id": "us-west-2",
            "ids": [
              "subnet-0b4dc59f2eff5fbde",
              "subnet-02d9067dfd30c4f91",
              "subnet-0c636dcc21a7e9ec7"
            ],
            "tags": null,
            "timeouts": null
          },
          "sensitive_attributes": []
        }
      ]
    },
    {
      "mode": "data",
      "type": "aws_vpc",
      "name": "target_vpc",
      "provider": "provider[\"registry.terraform.io/hashicorp/aws\"]",
      "instances": [
        {
          "schema_version": 0,
          "attributes": {
            "arn": "arn:aws:ec2:us-west-2:668144156539:vpc/vpc-0ba2582a614948335",
            "cidr_block": "10.0.0.0/16",
            "cidr_block_associations": [
              {
                "association_id": "vpc-cidr-assoc-00291afd0b8a5fed2",
                "cidr_block": "10.0.0.0/16",
                "state": "associated"
              }
            ],
            "default": false,
            "dhcp_options_id": "dopt-0d6f2da6d633bf803",
            "enable_dns_hostnames": true,
            "enable_dns_support": true,
            "enable_network_address_usage_metrics": false,
            "filter": [
              {
                "name": "tag:Name",
                "values": [
                  "Applicant Tracking System qa VPC"
                ]
              }
            ],
            "id": "vpc-0ba2582a614948335",
            "instance_tenancy": "default",
            "ipv6_association_id": "",
            "ipv6_cidr_block": "",
            "main_route_table_id": "rtb-0dbb7350d3ed31f42",
            "owner_id": "668144156539",
            "state": null,
            "tags": {
              "Name": "Applicant Tracking System qa VPC"
            },
            "timeouts": null
          },
          "sensitive_attributes": []
        }
      ]
    },
    {
      "mode": "managed",
      "type": "aws_acm_certificate",
      "name": "app_cert",
      "provider": "provider[\"registry.terraform.io/hashicorp/aws\"]",
      "instances": [
        {
          "schema_version": 0,
          "attributes": {
            "arn": "arn:aws:acm:us-west-2:668144156539:certificate/05f66117-5b91-4e8a-b535-d798c8ebb4fd",
            "certificate_authority_arn": "",
            "certificate_body": null,
            "certificate_chain": null,
            "domain_name": "test-ecs.servicios-cires.net",
            "domain_validation_options": [
              {
                "domain_name": "test-ecs.servicios-cires.net",
                "resource_record_name": "_118b4284d90518be9dbab32ada54ce40.test-ecs.servicios-cires.net.",
                "resource_record_type": "CNAME",
                "resource_record_value": "_76337bd0400a03276e65cadfed183fc8.xlfgrmvvlj.acm-validations.aws."
              }
            ],
            "early_renewal_duration": "",
            "id": "arn:aws:acm:us-west-2:668144156539:certificate/05f66117-5b91-4e8a-b535-d798c8ebb4fd",
            "key_algorithm": "RSA_2048",
            "not_after": "",
            "not_before": "",
            "options": [
              {
                "certificate_transparency_logging_preference": "ENABLED"
              }
            ],
            "pending_renewal": false,
            "private_key": null,
            "renewal_eligibility": "INELIGIBLE",
            "renewal_summary": [],
            "status": "PENDING_VALIDATION",
            "subject_alternative_names": [
              "test-ecs.servicios-cires.net"
            ],
            "tags": {
              "Environment": "QA",
              "Name": "test-ecs.servicios-cires.net Certificate"
            },
            "tags_all": {
              "Environment": "QA",
              "Name": "test-ecs.servicios-cires.net Certificate"
            },
            "type": "AMAZON_ISSUED",
            "validation_emails": [],
            "validation_method": "DNS",
            "validation_option": []
          },
          "sensitive_attributes": [
            [
              {
                "type": "get_attr",
                "value": "private_key"
              }
            ]
          ],
          "private": "bnVsbA==",
          "create_before_destroy": true
        }
      ]
    },
    {
      "mode": "managed",
      "type": "aws_acm_certificate_validation",
      "name": "cert",
      "provider": "provider[\"registry.terraform.io/hashicorp/aws\"]",
      "instances": [
        {
          "schema_version": 0,
          "attributes": {
            "certificate_arn": "arn:aws:acm:us-west-2:668144156539:certificate/05f66117-5b91-4e8a-b535-d798c8ebb4fd",
            "id": "2025-04-29 16:47:52.049 +0000 UTC",
            "timeouts": null,
            "validation_record_fqdns": [
              "_118b4284d90518be9dbab32ada54ce40.test-ecs.servicios-cires.net"
            ]
          },
          "sensitive_attributes": [],
          "private": "eyJlMmJmYjczMC1lY2FhLTExZTYtOGY4OC0zNDM2M2JjN2M0YzAiOnsiY3JlYXRlIjo0NTAwMDAwMDAwMDAwfX0=",
          "dependencies": [
            "aws_acm_certificate.app_cert",
            "aws_route53_record.cert_validation",
            "data.aws_route53_zone.primary"
          ]
        }
      ]
    },
    {
      "mode": "managed",
      "type": "aws_alb",
      "name": "ats_client_alb",
      "provider": "provider[\"registry.terraform.io/hashicorp/aws\"]",
      "instances": [
        {
          "schema_version": 0,
          "attributes": {
            "access_logs": [
              {
                "bucket": "",
                "enabled": false,
                "prefix": ""
              }
            ],
            "arn": "arn:aws:elasticloadbalancing:us-west-2:668144156539:loadbalancer/app/ats-client-alb/df6a6cfd7821c201",
            "arn_suffix": "app/ats-client-alb/df6a6cfd7821c201",
            "client_keep_alive": 3600,
            "connection_logs": [
              {
                "bucket": "",
                "enabled": false,
                "prefix": ""
              }
            ],
            "customer_owned_ipv4_pool": "",
            "desync_mitigation_mode": "defensive",
            "dns_name": "ats-client-alb-1918337271.us-west-2.elb.amazonaws.com",
            "dns_record_client_routing_policy": null,
            "drop_invalid_header_fields": false,
            "enable_cross_zone_load_balancing": true,
            "enable_deletion_protection": false,
            "enable_http2": true,
            "enable_tls_version_and_cipher_suite_headers": false,
            "enable_waf_fail_open": false,
            "enable_xff_client_port": false,
            "enable_zonal_shift": false,
            "enforce_security_group_inbound_rules_on_private_link_traffic": "",
            "id": "arn:aws:elasticloadbalancing:us-west-2:668144156539:loadbalancer/app/ats-client-alb/df6a6cfd7821c201",
            "idle_timeout": 60,
            "internal": false,
            "ip_address_type": "ipv4",
            "ipam_pools": [],
            "load_balancer_type": "application",
            "name": "ats-client-alb",
            "name_prefix": "",
            "preserve_host_header": false,
            "security_groups": [
              "sg-08f7030025a4c2ef8"
            ],
            "subnet_mapping": [
              {
                "allocation_id": "",
                "ipv6_address": "",
                "outpost_id": "",
                "private_ipv4_address": "",
                "subnet_id": "subnet-02d9067dfd30c4f91"
              },
              {
                "allocation_id": "",
                "ipv6_address": "",
                "outpost_id": "",
                "private_ipv4_address": "",
                "subnet_id": "subnet-0b4dc59f2eff5fbde"
              },
              {
                "allocation_id": "",
                "ipv6_address": "",
                "outpost_id": "",
                "private_ipv4_address": "",
                "subnet_id": "subnet-0c636dcc21a7e9ec7"
              }
            ],
            "subnets": [
              "subnet-02d9067dfd30c4f91",
              "subnet-0b4dc59f2eff5fbde",
              "subnet-0c636dcc21a7e9ec7"
            ],
            "tags": {
              "Environment": "QA",
              "Name": "ATS Client ALB"
            },
            "tags_all": {
              "Environment": "QA",
              "Name": "ATS Client ALB"
            },
            "timeouts": null,
            "vpc_id": "vpc-0ba2582a614948335",
            "xff_header_processing_mode": "append",
            "zone_id": "Z1H1FL5HABSF5"
          },
          "sensitive_attributes": [],
          "private": "eyJlMmJmYjczMC1lY2FhLTExZTYtOGY4OC0zNDM2M2JjN2M0YzAiOnsiY3JlYXRlIjo2MDAwMDAwMDAwMDAsImRlbGV0ZSI6NjAwMDAwMDAwMDAwLCJ1cGRhdGUiOjYwMDAwMDAwMDAwMH19",
          "dependencies": [
            "aws_security_group.ats_client_alb_sg",
            "data.aws_subnets.ats_public_subnets",
            "data.aws_vpc.target_vpc"
          ]
        }
      ]
    },
    {
      "mode": "managed",
      "type": "aws_ecs_cluster",
      "name": "ats_cluster",
      "provider": "provider[\"registry.terraform.io/hashicorp/aws\"]",
      "instances": [
        {
          "schema_version": 0,
          "attributes": {
            "arn": "arn:aws:ecs:us-west-2:668144156539:cluster/ats-client-cluster-qa",
            "configuration": [],
            "id": "arn:aws:ecs:us-west-2:668144156539:cluster/ats-client-cluster-qa",
            "name": "ats-client-cluster-qa",
            "service_connect_defaults": [],
            "setting": [
              {
                "name": "containerInsights",
                "value": "disabled"
              }
            ],
            "tags": {
              "Environment": "QA",
              "Name": "ATS Client Cluster QA"
            },
            "tags_all": {
              "Environment": "QA",
              "Name": "ATS Client Cluster QA"
            }
          },
          "sensitive_attributes": [],
          "private": "bnVsbA=="
        }
      ]
    },
    {
      "mode": "managed",
      "type": "aws_ecs_service",
      "name": "ats_client_service",
      "provider": "provider[\"registry.terraform.io/hashicorp/aws\"]",
      "instances": [
        {
          "schema_version": 1,
          "attributes": {
            "alarms": [],
            "availability_zone_rebalancing": "DISABLED",
            "capacity_provider_strategy": [],
            "cluster": "arn:aws:ecs:us-west-2:668144156539:cluster/ats-client-cluster-qa",
            "deployment_circuit_breaker": [
              {
                "enable": false,
                "rollback": false
              }
            ],
            "deployment_controller": [
              {
                "type": "ECS"
              }
            ],
            "deployment_maximum_percent": 200,
            "deployment_minimum_healthy_percent": 100,
            "desired_count": 1,
            "enable_ecs_managed_tags": false,
            "enable_execute_command": false,
            "force_delete": null,
            "force_new_deployment": null,
            "health_check_grace_period_seconds": 0,
            "iam_role": "/aws-service-role/ecs.amazonaws.com/AWSServiceRoleForECS",
            "id": "arn:aws:ecs:us-west-2:668144156539:service/ats-client-cluster-qa/ats-client-service-qa",
            "launch_type": "FARGATE",
            "load_balancer": [
              {
                "container_name": "ats-client-container",
                "container_port": 80,
                "elb_name": "",
                "target_group_arn": "arn:aws:elasticloadbalancing:us-west-2:668144156539:targetgroup/ats-client-alb-tg/f738af6e4d1cf1a1"
              }
            ],
            "name": "ats-client-service-qa",
            "network_configuration": [
              {
                "assign_public_ip": false,
                "security_groups": [
                  "sg-0125bd6af621473d7"
                ],
                "subnets": [
                  "subnet-018ac018178982be4",
                  "subnet-02efb9ae526416ec0",
                  "subnet-0f734e8126a8e8d35"
                ]
              }
            ],
            "ordered_placement_strategy": [],
            "placement_constraints": [],
            "platform_version": "LATEST",
            "propagate_tags": "NONE",
            "scheduling_strategy": "REPLICA",
            "service_connect_configuration": [],
            "service_registries": [],
            "tags": {
              "Environment": "QA",
              "Name": "ATS Client Service QA"
            },
            "tags_all": {
              "Environment": "QA",
              "Name": "ATS Client Service QA"
            },
            "task_definition": "arn:aws:ecs:us-west-2:668144156539:task-definition/ats-client-app-qa:4",
            "timeouts": null,
            "triggers": {},
            "volume_configuration": [],
            "vpc_lattice_configurations": [],
            "wait_for_steady_state": false
          },
          "sensitive_attributes": [],
          "private": "eyJlMmJmYjczMC1lY2FhLTExZTYtOGY4OC0zNDM2M2JjN2M0YzAiOnsiY3JlYXRlIjoxMjAwMDAwMDAwMDAwLCJkZWxldGUiOjEyMDAwMDAwMDAwMDAsInVwZGF0ZSI6MTIwMDAwMDAwMDAwMH0sInNjaGVtYV92ZXJzaW9uIjoiMSJ9",
          "dependencies": [
            "aws_alb.ats_client_alb",
            "aws_ecs_cluster.ats_cluster",
            "aws_ecs_task_definition.ats_client_task_def",
            "aws_iam_role.ecs_task_execution_role",
            "aws_lb_listener.ecs_alb_listener",
            "aws_lb_target_group.ats_client_alb_tg",
            "aws_security_group.ats_client_alb_sg",
            "aws_security_group.ats_client_task_sg",
            "data.aws_subnets.ats_private_subnets",
            "data.aws_subnets.ats_public_subnets",
            "data.aws_vpc.target_vpc",
            "null_resource.validate_subnets_found"
          ]
        }
      ]
    },
    {
      "mode": "managed",
      "type": "aws_ecs_task_definition",
      "name": "ats_client_task_def",
      "provider": "provider[\"registry.terraform.io/hashicorp/aws\"]",
      "instances": [
        {
          "schema_version": 1,
          "attributes": {
            "arn": "arn:aws:ecs:us-west-2:668144156539:task-definition/ats-client-app-qa:4",
            "arn_without_revision": "arn:aws:ecs:us-west-2:668144156539:task-definition/ats-client-app-qa",
            "container_definitions": "[{\"cpu\":512,\"environment\":[],\"essential\":true,\"image\":\"668144156539.dkr.ecr.us-west-2.amazonaws.com/tests/nginx:latest\",\"memory\":1024,\"mountPoints\":[],\"name\":\"ats-client-container\",\"portMappings\":[{\"containerPort\":80,\"hostPort\":80,\"protocol\":\"tcp\"}],\"systemControls\":[],\"volumesFrom\":[]}]",
            "cpu": "512",
            "enable_fault_injection": false,
            "ephemeral_storage": [],
            "execution_role_arn": "arn:aws:iam::668144156539:role/ats-client-ecs-task-execution-role-qa",
            "family": "ats-client-app-qa",
            "id": "ats-client-app-qa",
            "inference_accelerator": [],
            "ipc_mode": "",
            "memory": "1024",
            "network_mode": "awsvpc",
            "pid_mode": "",
            "placement_constraints": [],
            "proxy_configuration": [],
            "requires_compatibilities": [
              "FARGATE"
            ],
            "revision": 4,
            "runtime_platform": [],
            "skip_destroy": false,
            "tags": {
              "Environment": "QA",
              "Name": "ATS Client Task Definition"
            },
            "tags_all": {
              "Environment": "QA",
              "Name": "ATS Client Task Definition"
            },
            "task_role_arn": "",
            "track_latest": false,
            "volume": []
          },
          "sensitive_attributes": [],
          "private": "eyJzY2hlbWFfdmVyc2lvbiI6IjEifQ==",
          "dependencies": [
            "aws_iam_role.ecs_task_execution_role"
          ]
        }
      ]
    },
    {
      "mode": "managed",
      "type": "aws_iam_role",
      "name": "ecs_task_execution_role",
      "provider": "provider[\"registry.terraform.io/hashicorp/aws\"]",
      "instances": [
        {
          "schema_version": 0,
          "attributes": {
            "arn": "arn:aws:iam::668144156539:role/ats-client-ecs-task-execution-role-qa",
            "assume_role_policy": "{\"Statement\":[{\"Action\":\"sts:AssumeRole\",\"Effect\":\"Allow\",\"Principal\":{\"Service\":\"ecs-tasks.amazonaws.com\"}}],\"Version\":\"2012-10-17\"}",
            "create_date": "2025-04-29T16:47:37Z",
            "description": "",
            "force_detach_policies": false,
            "id": "ats-client-ecs-task-execution-role-qa",
            "inline_policy": [],
            "managed_policy_arns": [],
            "max_session_duration": 3600,
            "name": "ats-client-ecs-task-execution-role-qa",
            "name_prefix": "",
            "path": "/",
            "permissions_boundary": "",
            "tags": {
              "Environment": "QA",
              "Name": "ATS Client ECS Task Execution Role"
            },
            "tags_all": {
              "Environment": "QA",
              "Name": "ATS Client ECS Task Execution Role"
            },
            "unique_id": "AROAZXED6X5525Q6X4CXU"
          },
          "sensitive_attributes": [],
          "private": "bnVsbA=="
        }
      ]
    },
    {
      "mode": "managed",
      "type": "aws_iam_role_policy_attachment",
      "name": "ecs_task_execution_policy_attachment",
      "provider": "provider[\"registry.terraform.io/hashicorp/aws\"]",
      "instances": [
        {
          "schema_version": 0,
          "attributes": {
            "id": "ats-client-ecs-task-execution-role-qa-20250429164737621300000003",
            "policy_arn": "arn:aws:iam::aws:policy/service-role/AmazonECSTaskExecutionRolePolicy",
            "role": "ats-client-ecs-task-execution-role-qa"
          },
          "sensitive_attributes": [],
          "private": "bnVsbA==",
          "dependencies": [
            "aws_iam_role.ecs_task_execution_role"
          ]
        }
      ]
    },
    {
      "mode": "managed",
      "type": "aws_lb_listener",
      "name": "ecs_alb_listener",
      "provider": "provider[\"registry.terraform.io/hashicorp/aws\"]",
      "instances": [
        {
          "schema_version": 0,
          "attributes": {
            "alpn_policy": null,
            "arn": "arn:aws:elasticloadbalancing:us-west-2:668144156539:listener/app/ats-client-alb/df6a6cfd7821c201/2b0ab14590225719",
            "certificate_arn": null,
            "default_action": [
              {
                "authenticate_cognito": [],
                "authenticate_oidc": [],
                "fixed_response": [],
                "forward": [],
                "order": 1,
                "redirect": [
                  {
                    "host": "#{host}",
                    "path": "/#{path}",
                    "port": "443",
                    "protocol": "HTTPS",
                    "query": "#{query}",
                    "status_code": "HTTP_301"
                  }
                ],
                "target_group_arn": "",
                "type": "redirect"
              }
            ],
            "id": "arn:aws:elasticloadbalancing:us-west-2:668144156539:listener/app/ats-client-alb/df6a6cfd7821c201/2b0ab14590225719",
            "load_balancer_arn": "arn:aws:elasticloadbalancing:us-west-2:668144156539:loadbalancer/app/ats-client-alb/df6a6cfd7821c201",
            "mutual_authentication": [],
            "port": 80,
            "protocol": "HTTP",
            "routing_http_request_x_amzn_mtls_clientcert_header_name": null,
            "routing_http_request_x_amzn_mtls_clientcert_issuer_header_name": null,
            "routing_http_request_x_amzn_mtls_clientcert_leaf_header_name": null,
            "routing_http_request_x_amzn_mtls_clientcert_serial_number_header_name": null,
            "routing_http_request_x_amzn_mtls_clientcert_subject_header_name": null,
            "routing_http_request_x_amzn_mtls_clientcert_validity_header_name": null,
            "routing_http_request_x_amzn_tls_cipher_suite_header_name": null,
            "routing_http_request_x_amzn_tls_version_header_name": null,
            "routing_http_response_access_control_allow_credentials_header_value": "",
            "routing_http_response_access_control_allow_headers_header_value": "",
            "routing_http_response_access_control_allow_methods_header_value": "",
            "routing_http_response_access_control_allow_origin_header_value": "",
            "routing_http_response_access_control_expose_headers_header_value": "",
            "routing_http_response_access_control_max_age_header_value": "",
            "routing_http_response_content_security_policy_header_value": "",
            "routing_http_response_server_enabled": false,
            "routing_http_response_strict_transport_security_header_value": "",
            "routing_http_response_x_content_type_options_header_value": "",
            "routing_http_response_x_frame_options_header_value": "",
            "ssl_policy": "",
            "tags": null,
            "tags_all": {},
            "tcp_idle_timeout_seconds": null,
            "timeouts": null
          },
          "sensitive_attributes": [],
          "private": "eyJlMmJmYjczMC1lY2FhLTExZTYtOGY4OC0zNDM2M2JjN2M0YzAiOnsiY3JlYXRlIjozMDAwMDAwMDAwMDAsInVwZGF0ZSI6MzAwMDAwMDAwMDAwfX0=",
          "dependencies": [
            "aws_alb.ats_client_alb",
            "aws_security_group.ats_client_alb_sg",
            "data.aws_subnets.ats_public_subnets",
            "data.aws_vpc.target_vpc"
          ]
        }
      ]
    },
    {
      "mode": "managed",
      "type": "aws_lb_listener",
      "name": "ecs_alb_listener_https",
      "provider": "provider[\"registry.terraform.io/hashicorp/aws\"]",
      "instances": [
        {
          "schema_version": 0,
          "attributes": {
            "alpn_policy": null,
            "arn": "arn:aws:elasticloadbalancing:us-west-2:668144156539:listener/app/ats-client-alb/df6a6cfd7821c201/ae906a9c2f2a0109",
            "certificate_arn": "arn:aws:acm:us-west-2:668144156539:certificate/05f66117-5b91-4e8a-b535-d798c8ebb4fd",
            "default_action": [
              {
                "authenticate_cognito": [],
                "authenticate_oidc": [],
                "fixed_response": [],
                "forward": [],
                "order": 1,
                "redirect": [],
                "target_group_arn": "arn:aws:elasticloadbalancing:us-west-2:668144156539:targetgroup/ats-client-alb-tg/f738af6e4d1cf1a1",
                "type": "forward"
              }
            ],
            "id": "arn:aws:elasticloadbalancing:us-west-2:668144156539:listener/app/ats-client-alb/df6a6cfd7821c201/ae906a9c2f2a0109",
            "load_balancer_arn": "arn:aws:elasticloadbalancing:us-west-2:668144156539:loadbalancer/app/ats-client-alb/df6a6cfd7821c201",
            "mutual_authentication": [
              {
                "advertise_trust_store_ca_names": "",
                "ignore_client_certificate_expiry": false,
                "mode": "off",
                "trust_store_arn": ""
              }
            ],
            "port": 443,
            "protocol": "HTTPS",
            "routing_http_request_x_amzn_mtls_clientcert_header_name": "",
            "routing_http_request_x_amzn_mtls_clientcert_issuer_header_name": "",
            "routing_http_request_x_amzn_mtls_clientcert_leaf_header_name": "",
            "routing_http_request_x_amzn_mtls_clientcert_serial_number_header_name": "",
            "routing_http_request_x_amzn_mtls_clientcert_subject_header_name": "",
            "routing_http_request_x_amzn_mtls_clientcert_validity_header_name": "",
            "routing_http_request_x_amzn_tls_cipher_suite_header_name": "",
            "routing_http_request_x_amzn_tls_version_header_name": "",
            "routing_http_response_access_control_allow_credentials_header_value": "",
            "routing_http_response_access_control_allow_headers_header_value": "",
            "routing_http_response_access_control_allow_methods_header_value": "",
            "routing_http_response_access_control_allow_origin_header_value": "",
            "routing_http_response_access_control_expose_headers_header_value": "",
            "routing_http_response_access_control_max_age_header_value": "",
            "routing_http_response_content_security_policy_header_value": "",
            "routing_http_response_server_enabled": false,
            "routing_http_response_strict_transport_security_header_value": "",
            "routing_http_response_x_content_type_options_header_value": "",
            "routing_http_response_x_frame_options_header_value": "",
            "ssl_policy": "ELBSecurityPolicy-2016-08",
            "tags": null,
            "tags_all": {},
            "tcp_idle_timeout_seconds": null,
            "timeouts": null
          },
          "sensitive_attributes": [],
          "private": "eyJlMmJmYjczMC1lY2FhLTExZTYtOGY4OC0zNDM2M2JjN2M0YzAiOnsiY3JlYXRlIjozMDAwMDAwMDAwMDAsInVwZGF0ZSI6MzAwMDAwMDAwMDAwfX0=",
          "dependencies": [
            "aws_acm_certificate.app_cert",
            "aws_acm_certificate_validation.cert",
            "aws_alb.ats_client_alb",
            "aws_lb_target_group.ats_client_alb_tg",
            "aws_route53_record.cert_validation",
            "aws_security_group.ats_client_alb_sg",
            "data.aws_route53_zone.primary",
            "data.aws_subnets.ats_public_subnets",
            "data.aws_vpc.target_vpc"
          ]
        }
      ]
    },
    {
      "mode": "managed",
      "type": "aws_lb_target_group",
      "name": "ats_client_alb_tg",
      "provider": "provider[\"registry.terraform.io/hashicorp/aws\"]",
      "instances": [
        {
          "schema_version": 0,
          "attributes": {
            "arn": "arn:aws:elasticloadbalancing:us-west-2:668144156539:targetgroup/ats-client-alb-tg/f738af6e4d1cf1a1",
            "arn_suffix": "targetgroup/ats-client-alb-tg/f738af6e4d1cf1a1",
            "connection_termination": null,
            "deregistration_delay": "300",
            "health_check": [
              {
                "enabled": true,
                "healthy_threshold": 3,
                "interval": 30,
                "matcher": "200",
                "path": "/",
                "port": "traffic-port",
                "protocol": "HTTP",
                "timeout": 5,
                "unhealthy_threshold": 3
              }
            ],
            "id": "arn:aws:elasticloadbalancing:us-west-2:668144156539:targetgroup/ats-client-alb-tg/f738af6e4d1cf1a1",
            "ip_address_type": "ipv4",
            "lambda_multi_value_headers_enabled": false,
            "load_balancer_arns": [],
            "load_balancing_algorithm_type": "round_robin",
            "load_balancing_anomaly_mitigation": "off",
            "load_balancing_cross_zone_enabled": "use_load_balancer_configuration",
            "name": "ats-client-alb-tg",
            "name_prefix": "",
            "port": 80,
            "preserve_client_ip": null,
            "protocol": "HTTP",
            "protocol_version": "HTTP1",
            "proxy_protocol_v2": false,
            "slow_start": 0,
            "stickiness": [
              {
                "cookie_duration": 86400,
                "cookie_name": "",
                "enabled": false,
                "type": "lb_cookie"
              }
            ],
            "tags": null,
            "tags_all": {},
            "target_failover": [
              {
                "on_deregistration": null,
                "on_unhealthy": null
              }
            ],
            "target_group_health": [
              {
                "dns_failover": [
                  {
                    "minimum_healthy_targets_count": "1",
                    "minimum_healthy_targets_percentage": "off"
                  }
                ],
                "unhealthy_state_routing": [
                  {
                    "minimum_healthy_targets_count": 1,
                    "minimum_healthy_targets_percentage": "off"
                  }
                ]
              }
            ],
            "target_health_state": [
              {
                "enable_unhealthy_connection_termination": null,
                "unhealthy_draining_interval": null
              }
            ],
            "target_type": "ip",
            "vpc_id": "vpc-0ba2582a614948335"
          },
          "sensitive_attributes": [],
          "private": "bnVsbA==",
          "dependencies": [
            "data.aws_vpc.target_vpc"
          ]
        }
      ]
    },
    {
      "mode": "managed",
      "type": "aws_route53_record",
      "name": "app_alias",
      "provider": "provider[\"registry.terraform.io/hashicorp/aws\"]",
      "instances": [
        {
          "schema_version": 2,
          "attributes": {
            "alias": [
              {
                "evaluate_target_health": true,
                "name": "ats-client-alb-1918337271.us-west-2.elb.amazonaws.com",
                "zone_id": "Z1H1FL5HABSF5"
              }
            ],
            "allow_overwrite": null,
            "cidr_routing_policy": [],
            "failover_routing_policy": [],
            "fqdn": "test-ecs.servicios-cires.net",
            "geolocation_routing_policy": [],
            "geoproximity_routing_policy": [],
            "health_check_id": "",
            "id": "Z06509101Z22NMKSMXDLL_test-ecs.servicios-cires.net_A",
            "latency_routing_policy": [],
            "multivalue_answer_routing_policy": false,
            "name": "test-ecs.servicios-cires.net",
            "records": null,
            "set_identifier": "",
            "timeouts": null,
            "ttl": 0,
            "type": "A",
            "weighted_routing_policy": [],
            "zone_id": "Z06509101Z22NMKSMXDLL"
          },
          "sensitive_attributes": [],
          "private": "eyJlMmJmYjczMC1lY2FhLTExZTYtOGY4OC0zNDM2M2JjN2M0YzAiOnsiY3JlYXRlIjoxODAwMDAwMDAwMDAwLCJkZWxldGUiOjE4MDAwMDAwMDAwMDAsInVwZGF0ZSI6MTgwMDAwMDAwMDAwMH0sInNjaGVtYV92ZXJzaW9uIjoiMiJ9",
          "dependencies": [
            "aws_alb.ats_client_alb",
            "aws_security_group.ats_client_alb_sg",
            "data.aws_route53_zone.primary",
            "data.aws_subnets.ats_public_subnets",
            "data.aws_vpc.target_vpc"
          ]
        }
      ]
    },
    {
      "mode": "managed",
      "type": "aws_route53_record",
      "name": "cert_validation",
      "provider": "provider[\"registry.terraform.io/hashicorp/aws\"]",
      "instances": [
        {
          "index_key": "test-ecs.servicios-cires.net",
          "schema_version": 2,
          "attributes": {
            "alias": [],
            "allow_overwrite": true,
            "cidr_routing_policy": [],
            "failover_routing_policy": [],
            "fqdn": "_118b4284d90518be9dbab32ada54ce40.test-ecs.servicios-cires.net",
            "geolocation_routing_policy": [],
            "geoproximity_routing_policy": [],
            "health_check_id": "",
            "id": "Z06509101Z22NMKSMXDLL__118b4284d90518be9dbab32ada54ce40.test-ecs.servicios-cires.net._CNAME",
            "latency_routing_policy": [],
            "multivalue_answer_routing_policy": false,
            "name": "_118b4284d90518be9dbab32ada54ce40.test-ecs.servicios-cires.net",
            "records": [
              "_76337bd0400a03276e65cadfed183fc8.xlfgrmvvlj.acm-validations.aws."
            ],
            "set_identifier": "",
            "timeouts": null,
            "ttl": 60,
            "type": "CNAME",
            "weighted_routing_policy": [],
            "zone_id": "Z06509101Z22NMKSMXDLL"
          },
          "sensitive_attributes": [],
          "private": "eyJlMmJmYjczMC1lY2FhLTExZTYtOGY4OC0zNDM2M2JjN2M0YzAiOnsiY3JlYXRlIjoxODAwMDAwMDAwMDAwLCJkZWxldGUiOjE4MDAwMDAwMDAwMDAsInVwZGF0ZSI6MTgwMDAwMDAwMDAwMH0sInNjaGVtYV92ZXJzaW9uIjoiMiJ9",
          "dependencies": [
            "aws_acm_certificate.app_cert",
            "data.aws_route53_zone.primary"
          ]
        }
      ]
    },
    {
      "mode": "managed",
      "type": "aws_security_group",
      "name": "ats_client_alb_sg",
      "provider": "provider[\"registry.terraform.io/hashicorp/aws\"]",
      "instances": [
        {
          "schema_version": 1,
          "attributes": {
            "arn": "arn:aws:ec2:us-west-2:668144156539:security-group/sg-08f7030025a4c2ef8",
            "description": "Security group for load balancer to allow HTTP traffic from anywhere",
            "egress": [
              {
                "cidr_blocks": [
                  "0.0.0.0/0"
                ],
                "description": "",
                "from_port": 0,
                "ipv6_cidr_blocks": [],
                "prefix_list_ids": [],
                "protocol": "-1",
                "security_groups": [],
                "self": false,
                "to_port": 0
              }
            ],
            "id": "sg-08f7030025a4c2ef8",
            "ingress": [
              {
                "cidr_blocks": [
                  "0.0.0.0/0"
                ],
                "description": "Allow HTTP traffic from anywhere",
                "from_port": 80,
                "ipv6_cidr_blocks": [],
                "prefix_list_ids": [],
                "protocol": "tcp",
                "security_groups": [],
                "self": false,
                "to_port": 80
              },
              {
                "cidr_blocks": [
                  "0.0.0.0/0"
                ],
                "description": "Allow HTTPS traffic from anywhere",
                "from_port": 443,
                "ipv6_cidr_blocks": [],
                "prefix_list_ids": [],
                "protocol": "tcp",
                "security_groups": [],
                "self": false,
                "to_port": 443
              }
            ],
            "name": "ATS Client ALB Security Group",
            "name_prefix": "",
            "owner_id": "668144156539",
            "revoke_rules_on_delete": false,
            "tags": {
              "Environment": "QA",
              "Name": "ATS Client ALB Security Group"
            },
            "tags_all": {
              "Environment": "QA",
              "Name": "ATS Client ALB Security Group"
            },
            "timeouts": null,
            "vpc_id": "vpc-0ba2582a614948335"
          },
          "sensitive_attributes": [],
          "private": "eyJlMmJmYjczMC1lY2FhLTExZTYtOGY4OC0zNDM2M2JjN2M0YzAiOnsiY3JlYXRlIjo2MDAwMDAwMDAwMDAsImRlbGV0ZSI6OTAwMDAwMDAwMDAwfSwic2NoZW1hX3ZlcnNpb24iOiIxIn0=",
          "dependencies": [
            "data.aws_vpc.target_vpc"
          ]
        }
      ]
    },
    {
      "mode": "managed",
      "type": "aws_security_group",
      "name": "ats_client_task_sg",
      "provider": "provider[\"registry.terraform.io/hashicorp/aws\"]",
      "instances": [
        {
          "schema_version": 1,
          "attributes": {
            "arn": "arn:aws:ec2:us-west-2:668144156539:security-group/sg-0125bd6af621473d7",
            "description": "Allow traffic to ATS Client tasks from ALB and allow outbound",
            "egress": [
              {
                "cidr_blocks": [
                  "0.0.0.0/0"
                ],
                "description": "",
                "from_port": 0,
                "ipv6_cidr_blocks": [],
                "prefix_list_ids": [],
                "protocol": "-1",
                "security_groups": [],
                "self": false,
                "to_port": 0
              }
            ],
            "id": "sg-0125bd6af621473d7",
            "ingress": [
              {
                "cidr_blocks": [],
                "description": "Allow traffic from ALB",
                "from_port": 80,
                "ipv6_cidr_blocks": [],
                "prefix_list_ids": [],
                "protocol": "tcp",
                "security_groups": [
                  "sg-08f7030025a4c2ef8"
                ],
                "self": false,
                "to_port": 80
              }
            ],
            "name": "ats-client-task-sg-qa",
            "name_prefix": "",
            "owner_id": "668144156539",
            "revoke_rules_on_delete": false,
            "tags": {
              "Environment": "QA",
              "Name": "ATS Client Task SG QA"
            },
            "tags_all": {
              "Environment": "QA",
              "Name": "ATS Client Task SG QA"
            },
            "timeouts": null,
            "vpc_id": "vpc-0ba2582a614948335"
          },
          "sensitive_attributes": [],
          "private": "eyJlMmJmYjczMC1lY2FhLTExZTYtOGY4OC0zNDM2M2JjN2M0YzAiOnsiY3JlYXRlIjo2MDAwMDAwMDAwMDAsImRlbGV0ZSI6OTAwMDAwMDAwMDAwfSwic2NoZW1hX3ZlcnNpb24iOiIxIn0=",
          "dependencies": [
            "aws_security_group.ats_client_alb_sg",
            "data.aws_vpc.target_vpc"
          ]
        }
      ]
    },
    {
      "mode": "managed",
      "type": "aws_security_group",
      "name": "vpc_endpoint_sg",
      "provider": "provider[\"registry.terraform.io/hashicorp/aws\"]",
      "instances": [
        {
          "schema_version": 1,
          "attributes": {
            "arn": "arn:aws:ec2:us-west-2:668144156539:security-group/sg-0ed1dbe81e8e1dd5e",
            "description": "Allow traffic from within VPC to VPC Endpoints",
            "egress": [
              {
                "cidr_blocks": [
                  "0.0.0.0/0"
                ],
                "description": "",
                "from_port": 0,
                "ipv6_cidr_blocks": [],
                "prefix_list_ids": [],
                "protocol": "-1",
                "security_groups": [],
                "self": false,
                "to_port": 0
              }
            ],
            "id": "sg-0ed1dbe81e8e1dd5e",
            "ingress": [
              {
                "cidr_blocks": [],
                "description": "Allow HTTPS from ECS tasks",
                "from_port": 443,
                "ipv6_cidr_blocks": [],
                "prefix_list_ids": [],
                "protocol": "tcp",
                "security_groups": [
                  "sg-0125bd6af621473d7"
                ],
                "self": false,
                "to_port": 443
              }
            ],
            "name": "vpc-endpoint-sg-qa",
            "name_prefix": "",
            "owner_id": "668144156539",
            "revoke_rules_on_delete": false,
            "tags": {
              "Environment": "QA",
              "Name": "VPC Endpoint SG"
            },
            "tags_all": {
              "Environment": "QA",
              "Name": "VPC Endpoint SG"
            },
            "timeouts": null,
            "vpc_id": "vpc-0ba2582a614948335"
          },
          "sensitive_attributes": [],
          "private": "eyJlMmJmYjczMC1lY2FhLTExZTYtOGY4OC0zNDM2M2JjN2M0YzAiOnsiY3JlYXRlIjo2MDAwMDAwMDAwMDAsImRlbGV0ZSI6OTAwMDAwMDAwMDAwfSwic2NoZW1hX3ZlcnNpb24iOiIxIn0=",
          "dependencies": [
            "aws_security_group.ats_client_alb_sg",
            "aws_security_group.ats_client_task_sg",
            "data.aws_vpc.target_vpc"
          ]
        }
      ]
    },
    {
      "mode": "managed",
      "type": "aws_vpc_endpoint",
      "name": "ecr_api",
      "provider": "provider[\"registry.terraform.io/hashicorp/aws\"]",
      "instances": [
        {
          "schema_version": 0,
          "attributes": {
            "arn": "arn:aws:ec2:us-west-2:668144156539:vpc-endpoint/vpce-0cfa7434b03076ed0",
            "auto_accept": null,
            "cidr_blocks": [],
            "dns_entry": [
              {
                "dns_name": "vpce-0cfa7434b03076ed0-lv83e19k.api.ecr.us-west-2.vpce.amazonaws.com",
                "hosted_zone_id": "Z1YSA3EXCYUU9Z"
              },
              {
                "dns_name": "vpce-0cfa7434b03076ed0-lv83e19k-us-west-2a.api.ecr.us-west-2.vpce.amazonaws.com",
                "hosted_zone_id": "Z1YSA3EXCYUU9Z"
              },
              {
                "dns_name": "vpce-0cfa7434b03076ed0-lv83e19k-us-west-2c.api.ecr.us-west-2.vpce.amazonaws.com",
                "hosted_zone_id": "Z1YSA3EXCYUU9Z"
              },
              {
                "dns_name": "vpce-0cfa7434b03076ed0-lv83e19k-us-west-2b.api.ecr.us-west-2.vpce.amazonaws.com",
                "hosted_zone_id": "Z1YSA3EXCYUU9Z"
              },
              {
                "dns_name": "api.ecr.us-west-2.amazonaws.com",
                "hosted_zone_id": "Z0871998329L87QQO6EQJ"
              },
              {
                "dns_name": "ecr.us-west-2.api.aws",
                "hosted_zone_id": "Z095735724IWGXZCOXAZR"
              }
            ],
            "dns_options": [
              {
                "dns_record_ip_type": "ipv4",
                "private_dns_only_for_inbound_resolver_endpoint": false
              }
            ],
            "id": "vpce-0cfa7434b03076ed0",
            "ip_address_type": "ipv4",
            "network_interface_ids": [
              "eni-078f7ae1c819c42fd",
              "eni-0797690a22bc516f3",
              "eni-0bb3f1dae80e9dca2"
            ],
            "owner_id": "668144156539",
            "policy": "{\"Statement\":[{\"Action\":\"*\",\"Effect\":\"Allow\",\"Principal\":\"*\",\"Resource\":\"*\"}]}",
            "prefix_list_id": null,
            "private_dns_enabled": true,
            "requester_managed": false,
            "resource_configuration_arn": "",
            "route_table_ids": [],
            "security_group_ids": [
              "sg-0ed1dbe81e8e1dd5e"
            ],
            "service_name": "com.amazonaws.us-west-2.ecr.api",
            "service_network_arn": "",
            "service_region": "us-west-2",
            "state": "available",
            "subnet_configuration": [
              {
                "ipv4": "10.0.2.19",
                "ipv6": "",
                "subnet_id": "subnet-02efb9ae526416ec0"
              },
              {
                "ipv4": "10.0.3.101",
                "ipv6": "",
                "subnet_id": "subnet-0f734e8126a8e8d35"
              },
              {
                "ipv4": "10.0.4.33",
                "ipv6": "",
                "subnet_id": "subnet-018ac018178982be4"
              }
            ],
            "subnet_ids": [
              "subnet-018ac018178982be4",
              "subnet-02efb9ae526416ec0",
              "subnet-0f734e8126a8e8d35"
            ],
            "tags": {
              "Environment": "QA",
              "Name": "ECR API Endpoint"
            },
            "tags_all": {
              "Environment": "QA",
              "Name": "ECR API Endpoint"
            },
            "timeouts": null,
            "vpc_endpoint_type": "Interface",
            "vpc_id": "vpc-0ba2582a614948335"
          },
          "sensitive_attributes": [],
          "private": "eyJlMmJmYjczMC1lY2FhLTExZTYtOGY4OC0zNDM2M2JjN2M0YzAiOnsiY3JlYXRlIjo2MDAwMDAwMDAwMDAsImRlbGV0ZSI6NjAwMDAwMDAwMDAwLCJ1cGRhdGUiOjYwMDAwMDAwMDAwMH19",
          "dependencies": [
            "aws_security_group.ats_client_alb_sg",
            "aws_security_group.ats_client_task_sg",
            "aws_security_group.vpc_endpoint_sg",
            "data.aws_subnets.ats_private_subnets",
            "data.aws_vpc.target_vpc"
          ]
        }
      ]
    },
    {
      "mode": "managed",
      "type": "aws_vpc_endpoint",
      "name": "ecr_dkr",
      "provider": "provider[\"registry.terraform.io/hashicorp/aws\"]",
      "instances": [
        {
          "schema_version": 0,
          "attributes": {
            "arn": "arn:aws:ec2:us-west-2:668144156539:vpc-endpoint/vpce-0edabad253cfbdfb6",
            "auto_accept": null,
            "cidr_blocks": [],
            "dns_entry": [
              {
                "dns_name": "vpce-0edabad253cfbdfb6-hwoci1o8.dkr.ecr.us-west-2.vpce.amazonaws.com",
                "hosted_zone_id": "Z1YSA3EXCYUU9Z"
              },
              {
                "dns_name": "vpce-0edabad253cfbdfb6-hwoci1o8-us-west-2c.dkr.ecr.us-west-2.vpce.amazonaws.com",
                "hosted_zone_id": "Z1YSA3EXCYUU9Z"
              },
              {
                "dns_name": "vpce-0edabad253cfbdfb6-hwoci1o8-us-west-2b.dkr.ecr.us-west-2.vpce.amazonaws.com",
                "hosted_zone_id": "Z1YSA3EXCYUU9Z"
              },
              {
                "dns_name": "vpce-0edabad253cfbdfb6-hwoci1o8-us-west-2a.dkr.ecr.us-west-2.vpce.amazonaws.com",
                "hosted_zone_id": "Z1YSA3EXCYUU9Z"
              },
              {
                "dns_name": "dkr.ecr.us-west-2.amazonaws.com",
                "hosted_zone_id": "Z08709821PEOHZH1PCZRP"
              },
              {
                "dns_name": "*.dkr.ecr.us-west-2.amazonaws.com",
                "hosted_zone_id": "Z08709821PEOHZH1PCZRP"
              },
              {
                "dns_name": "dkr-ecr.us-west-2.on.aws",
                "hosted_zone_id": "Z09292582Y03C5DIZCRT4"
              },
              {
                "dns_name": "*.dkr-ecr.us-west-2.on.aws",
                "hosted_zone_id": "Z09292582Y03C5DIZCRT4"
              }
            ],
            "dns_options": [
              {
                "dns_record_ip_type": "ipv4",
                "private_dns_only_for_inbound_resolver_endpoint": false
              }
            ],
            "id": "vpce-0edabad253cfbdfb6",
            "ip_address_type": "ipv4",
            "network_interface_ids": [
              "eni-00da4a7a1029ea2a1",
              "eni-0b10d8a3c989aa924",
              "eni-0d148655e80e27429"
            ],
            "owner_id": "668144156539",
            "policy": "{\"Statement\":[{\"Action\":\"*\",\"Effect\":\"Allow\",\"Principal\":\"*\",\"Resource\":\"*\"}]}",
            "prefix_list_id": null,
            "private_dns_enabled": true,
            "requester_managed": false,
            "resource_configuration_arn": "",
            "route_table_ids": [],
            "security_group_ids": [
              "sg-0ed1dbe81e8e1dd5e"
            ],
            "service_name": "com.amazonaws.us-west-2.ecr.dkr",
            "service_network_arn": "",
            "service_region": "us-west-2",
            "state": "available",
            "subnet_configuration": [
              {
                "ipv4": "10.0.2.132",
                "ipv6": "",
                "subnet_id": "subnet-02efb9ae526416ec0"
              },
              {
                "ipv4": "10.0.3.37",
                "ipv6": "",
                "subnet_id": "subnet-0f734e8126a8e8d35"
              },
              {
                "ipv4": "10.0.4.225",
                "ipv6": "",
                "subnet_id": "subnet-018ac018178982be4"
              }
            ],
            "subnet_ids": [
              "subnet-018ac018178982be4",
              "subnet-02efb9ae526416ec0",
              "subnet-0f734e8126a8e8d35"
            ],
            "tags": {
              "Environment": "QA",
              "Name": "ECR DKR Endpoint"
            },
            "tags_all": {
              "Environment": "QA",
              "Name": "ECR DKR Endpoint"
            },
            "timeouts": null,
            "vpc_endpoint_type": "Interface",
            "vpc_id": "vpc-0ba2582a614948335"
          },
          "sensitive_attributes": [],
          "private": "eyJlMmJmYjczMC1lY2FhLTExZTYtOGY4OC0zNDM2M2JjN2M0YzAiOnsiY3JlYXRlIjo2MDAwMDAwMDAwMDAsImRlbGV0ZSI6NjAwMDAwMDAwMDAwLCJ1cGRhdGUiOjYwMDAwMDAwMDAwMH19",
          "dependencies": [
            "aws_security_group.ats_client_alb_sg",
            "aws_security_group.ats_client_task_sg",
            "aws_security_group.vpc_endpoint_sg",
            "data.aws_subnets.ats_private_subnets",
            "data.aws_vpc.target_vpc"
          ]
        }
      ]
    },
    {
      "mode": "managed",
      "type": "aws_vpc_endpoint",
      "name": "s3_gateway",
      "provider": "provider[\"registry.terraform.io/hashicorp/aws\"]",
      "instances": [
        {
          "schema_version": 0,
          "attributes": {
            "arn": "arn:aws:ec2:us-west-2:668144156539:vpc-endpoint/vpce-0131976d3cede004f",
            "auto_accept": null,
            "cidr_blocks": [
              "3.5.76.0/22",
              "3.5.80.0/21",
              "18.34.48.0/20",
              "18.34.244.0/22",
              "52.92.128.0/17",
              "52.218.128.0/17"
            ],
            "dns_entry": [],
            "dns_options": [],
            "id": "vpce-0131976d3cede004f",
            "ip_address_type": "",
            "network_interface_ids": [],
            "owner_id": "668144156539",
            "policy": "{\"Statement\":[{\"Action\":\"*\",\"Effect\":\"Allow\",\"Principal\":\"*\",\"Resource\":\"*\"}],\"Version\":\"2008-10-17\"}",
            "prefix_list_id": "pl-68a54001",
            "private_dns_enabled": false,
            "requester_managed": false,
            "resource_configuration_arn": "",
            "route_table_ids": [
              "rtb-085cffacc9b5f74d0"
            ],
            "security_group_ids": [],
            "service_name": "com.amazonaws.us-west-2.s3",
            "service_network_arn": "",
            "service_region": "",
            "state": "available",
            "subnet_configuration": [],
            "subnet_ids": [],
            "tags": {
              "Name": "S3 Gateway Endpoint QA"
            },
            "tags_all": {
              "Name": "S3 Gateway Endpoint QA"
            },
            "timeouts": null,
            "vpc_endpoint_type": "Gateway",
            "vpc_id": "vpc-0ba2582a614948335"
          },
          "sensitive_attributes": [],
          "private": "eyJlMmJmYjczMC1lY2FhLTExZTYtOGY4OC0zNDM2M2JjN2M0YzAiOnsiY3JlYXRlIjo2MDAwMDAwMDAwMDAsImRlbGV0ZSI6NjAwMDAwMDAwMDAwLCJ1cGRhdGUiOjYwMDAwMDAwMDAwMH19",
          "dependencies": [
            "data.aws_route_tables.ats_private_rts",
            "data.aws_vpc.target_vpc"
          ]
        }
      ]
    },
    {
      "mode": "managed",
      "type": "null_resource",
      "name": "validate_subnets_found",
      "provider": "provider[\"registry.terraform.io/hashicorp/null\"]",
      "instances": [
        {
          "schema_version": 0,
          "attributes": {
            "id": "6023784132963996770",
            "triggers": {
              "private_subnet_count": "valid",
              "public_subnet_count": "valid"
            }
          },
          "sensitive_attributes": [],
          "dependencies": [
            "data.aws_subnets.ats_private_subnets",
            "data.aws_subnets.ats_public_subnets",
            "data.aws_vpc.target_vpc"
          ]
        }
      ]
    }
  ],
  "check_results": [
    {
      "object_kind": "resource",
      "config_addr": "null_resource.validate_subnets_found",
      "status": "pass",
      "objects": [
        {
          "object_addr": "null_resource.validate_subnets_found",
          "status": "pass"
        }
      ]
    }
  ]
}
